
Microsoft Visual Studio Solution File, Format Version 12.00
# Visual Studio Version 16
VisualStudioVersion = 16.0.32228.343
MinimumVisualStudioVersion = 10.0.40219.1
Project("{FAE04EC0-301F-11D3-BF4B-00C04F79EFBC}") = "Lab02-01", "Lab02-01.csproj", "{AA9EDE65-BCD2-4E1C-AB5D-D993F7CADAAD}"
EndProject
Global
	GlobalSection(SolutionConfigurationPlatforms) = preSolution
		Debug|Any CPU = Debug|Any CPU
		Release|Any CPU = Release|Any CPU
	EndGlobalSection
	GlobalSection(ProjectConfigurationPlatforms) = postSolution
		{AA9EDE65-BCD2-4E1C-AB5D-D993F7CADAAD}.Debug|Any CPU.ActiveCfg = Debug|Any CPU
		{AA9EDE65-BCD2-4E1C-AB5D-D993F7CADAAD}.Debug|Any CPU.Build.0 = Debug|Any CPU
		{AA9EDE65-BCD2-4E1C-AB5D-D993F7CADAAD}.Release|Any CPU.ActiveCfg = Release|Any CPU
		{AA9EDE65-BCD2-4E1C-AB5D-D993F7CADAAD}.Release|Any CPU.Build.0 = Release|Any CPU
	EndGlobalSection
	GlobalSection(SolutionProperties) = preSolution
		HideSolutionNode = FALSE
	EndGlobalSection
	GlobalSection(ExtensibilityGlobals) = postSolution
		SolutionGuid = {21146C34-69FD-4EC8-8293-E2BCC808881F}
	EndGlobalSection
EndGlobal
