
Microsoft Visual Studio Solution File, Format Version 12.00
# Visual Studio Version 16
VisualStudioVersion = 16.0.32228.343
MinimumVisualStudioVersion = 10.0.40219.1
Project("{FAE04EC0-301F-11D3-BF4B-00C04F79EFBC}") = "Lab15", "Lab15.csproj", "{498B1D52-9A8E-4F55-99FA-10359C694A07}"
EndProject
Global
	GlobalSection(SolutionConfigurationPlatforms) = preSolution
		Debug|Any CPU = Debug|Any CPU
		Release|Any CPU = Release|Any CPU
	EndGlobalSection
	GlobalSection(ProjectConfigurationPlatforms) = postSolution
		{498B1D52-9A8E-4F55-99FA-10359C694A07}.Debug|Any CPU.ActiveCfg = Debug|Any CPU
		{498B1D52-9A8E-4F55-99FA-10359C694A07}.Debug|Any CPU.Build.0 = Debug|Any CPU
		{498B1D52-9A8E-4F55-99FA-10359C694A07}.Release|Any CPU.ActiveCfg = Release|Any CPU
		{498B1D52-9A8E-4F55-99FA-10359C694A07}.Release|Any CPU.Build.0 = Release|Any CPU
	EndGlobalSection
	GlobalSection(SolutionProperties) = preSolution
		HideSolutionNode = FALSE
	EndGlobalSection
	GlobalSection(ExtensibilityGlobals) = postSolution
		SolutionGuid = {C962AB38-BD3F-4853-B3C2-C9E6CDA370AD}
	EndGlobalSection
EndGlobal
